
Microsoft Visual Studio Solution File, Format Version 12.00
# Visual Studio 15
VisualStudioVersion = 15.0.27004.2005
MinimumVisualStudioVersion = 10.0.40219.1
Project("{FAE04EC0-301F-11D3-BF4B-00C04F79EFBC}") = "ArmEditor.UI", "ArmEditor.UI\ArmEditor.UI\ArmEditor.UI.csproj", "{79DC3223-27FF-4EA8-8274-21D49ED8BD0D}"
EndProject
Project("{FAE04EC0-301F-11D3-BF4B-00C04F79EFBC}") = "ArmEditor", "ArmEditor\ArmEditor.csproj", "{78646B20-051D-4AD0-9FFE-4F84C1606930}"
EndProject
Global
	GlobalSection(SolutionConfigurationPlatforms) = preSolution
		Debug|Any CPU = Debug|Any CPU
		Release|Any CPU = Release|Any CPU
	EndGlobalSection
	GlobalSection(ProjectConfigurationPlatforms) = postSolution
		{79DC3223-27FF-4EA8-8274-21D49ED8BD0D}.Debug|Any CPU.ActiveCfg = Debug|Any CPU
		{79DC3223-27FF-4EA8-8274-21D49ED8BD0D}.Debug|Any CPU.Build.0 = Debug|Any CPU
		{79DC3223-27FF-4EA8-8274-21D49ED8BD0D}.Release|Any CPU.ActiveCfg = Release|Any CPU
		{79DC3223-27FF-4EA8-8274-21D49ED8BD0D}.Release|Any CPU.Build.0 = Release|Any CPU
		{78646B20-051D-4AD0-9FFE-4F84C1606930}.Debug|Any CPU.ActiveCfg = Debug|Any CPU
		{78646B20-051D-4AD0-9FFE-4F84C1606930}.Debug|Any CPU.Build.0 = Debug|Any CPU
		{78646B20-051D-4AD0-9FFE-4F84C1606930}.Release|Any CPU.ActiveCfg = Release|Any CPU
		{78646B20-051D-4AD0-9FFE-4F84C1606930}.Release|Any CPU.Build.0 = Release|Any CPU
	EndGlobalSection
	GlobalSection(SolutionProperties) = preSolution
		HideSolutionNode = FALSE
	EndGlobalSection
	GlobalSection(ExtensibilityGlobals) = postSolution
		SolutionGuid = {7F97F133-904E-45F4-8F8A-0F7B1E359FC4}
	EndGlobalSection
EndGlobal
